
Microsoft Visual Studio Solution File, Format Version 12.00
# Visual Studio Version 17
VisualStudioVersion = 17.8.34511.84
MinimumVisualStudioVersion = 10.0.40219.1
Project("{FAE04EC0-301F-11D3-BF4B-00C04F79EFBC}") = "MeuIp", "MeuIp.csproj", "{53C4F6FE-41F3-4B5F-9619-876A1A4CD9B7}"
EndProject
Global
	GlobalSection(SolutionConfigurationPlatforms) = preSolution
		Debug|Any CPU = Debug|Any CPU
		Release|Any CPU = Release|Any CPU
	EndGlobalSection
	GlobalSection(ProjectConfigurationPlatforms) = postSolution
		{53C4F6FE-41F3-4B5F-9619-876A1A4CD9B7}.Debug|Any CPU.ActiveCfg = Debug|Any CPU
		{53C4F6FE-41F3-4B5F-9619-876A1A4CD9B7}.Debug|Any CPU.Build.0 = Debug|Any CPU
		{53C4F6FE-41F3-4B5F-9619-876A1A4CD9B7}.Release|Any CPU.ActiveCfg = Release|Any CPU
		{53C4F6FE-41F3-4B5F-9619-876A1A4CD9B7}.Release|Any CPU.Build.0 = Release|Any CPU
	EndGlobalSection
	GlobalSection(SolutionProperties) = preSolution
		HideSolutionNode = FALSE
	EndGlobalSection
	GlobalSection(ExtensibilityGlobals) = postSolution
		SolutionGuid = {F4DDFEE8-4EFE-48F5-B30F-3302B0F7E01D}
	EndGlobalSection
EndGlobal
